// !$*UTF8*$!
{
	archiveVersion = 1;
	classes = {
	};
	objectVersion = 46;
	objects = {

/* Begin PBXBuildFile section */
		1B690C3C1A405C3200239642 /* libPersistenceLayer.a in Frameworks */ = {isa = PBXBuildFile; fileRef = 1B690C3B1A405C3200239642 /* libPersistenceLayer.a */; };
		1B690C411A405C7000239642 /* NoteBL.m in Sources */ = {isa = PBXBuildFile; fileRef = 1B7C51C41A400F7F00C678E2 /* NoteBL.m */; };
		1B690C421A405C7600239642 /* NoteBL.h in CopyFiles */ = {isa = PBXBuildFile; fileRef = 1B7C51C21A400F7F00C678E2 /* NoteBL.h */; };
		1B7C51CB1A400F7F00C678E2 /* libBusinessLogicLayer.a in Frameworks */ = {isa = PBXBuildFile; fileRef = 1B7C51BF1A400F7F00C678E2 /* libBusinessLogicLayer.a */; };
/* End PBXBuildFile section */

/* Begin PBXContainerItemProxy section */
		1B7C51CC1A400F7F00C678E2 /* PBXContainerItemProxy */ = {
			isa = PBXContainerItemProxy;
			containerPortal = 1B7C51B71A400F7F00C678E2 /* Project object */;
			proxyType = 1;
			remoteGlobalIDString = 1B7C51BE1A400F7F00C678E2;
			remoteInfo = BusinessLogicLayer;
		};
/* End PBXContainerItemProxy section */

/* Begin PBXCopyFilesBuildPhase section */
		1B7C51BD1A400F7F00C678E2 /* CopyFiles */ = {
			isa = PBXCopyFilesBuildPhase;
			buildActionMask = 2147483647;
			dstPath = "include/$(PRODUCT_NAME)";
			dstSubfolderSpec = 16;
			files = (
				1B690C421A405C7600239642 /* NoteBL.h in CopyFiles */,
			);
			runOnlyForDeploymentPostprocessing = 0;
		};
/* End PBXCopyFilesBuildPhase section */

/* Begin PBXFileReference section */
		1B690C3B1A405C3200239642 /* libPersistenceLayer.a */ = {isa = PBXFileReference; lastKnownFileType = archive.ar; name = libPersistenceLayer.a; path = "../PersistenceLayer/build/Debug-iphoneos/libPersistenceLayer.a"; sourceTree = "<group>"; };
		1B7C51BF1A400F7F00C678E2 /* libBusinessLogicLayer.a */ = {isa = PBXFileReference; explicitFileType = archive.ar; includeInIndex = 0; path = libBusinessLogicLayer.a; sourceTree = BUILT_PRODUCTS_DIR; };
		1B7C51C21A400F7F00C678E2 /* NoteBL.h */ = {isa = PBXFileReference; lastKnownFileType = sourcecode.c.h; path = NoteBL.h; sourceTree = "<group>"; };
		1B7C51C41A400F7F00C678E2 /* NoteBL.m */ = {isa = PBXFileReference; lastKnownFileType = sourcecode.c.objc; path = NoteBL.m; sourceTree = "<group>"; };
		1B7C51CA1A400F7F00C678E2 /* BusinessLogicLayerTests.xctest */ = {isa = PBXFileReference; explicitFileType = wrapper.cfbundle; includeInIndex = 0; path = BusinessLogicLayerTests.xctest; sourceTree = BUILT_PRODUCTS_DIR; };
		1B7C51D01A400F7F00C678E2 /* Info.plist */ = {isa = PBXFileReference; lastKnownFileType = text.plist.xml; path = Info.plist; sourceTree = "<group>"; };
/* End PBXFileReference section */

/* Begin PBXFrameworksBuildPhase section */
		1B7C51BC1A400F7F00C678E2 /* Frameworks */ = {
			isa = PBXFrameworksBuildPhase;
			buildActionMask = 2147483647;
			files = (
				1B690C3C1A405C3200239642 /* libPersistenceLayer.a in Frameworks */,
			);
			runOnlyForDeploymentPostprocessing = 0;
		};
		1B7C51C71A400F7F00C678E2 /* Frameworks */ = {
			isa = PBXFrameworksBuildPhase;
			buildActionMask = 2147483647;
			files = (
				1B7C51CB1A400F7F00C678E2 /* libBusinessLogicLayer.a in Frameworks */,
			);
			runOnlyForDeploymentPostprocessing = 0;
		};
/* End PBXFrameworksBuildPhase section */

/* Begin PBXGroup section */
		1B7C51B61A400F7F00C678E2 = {
			isa = PBXGroup;
			children = (
				1B690C3B1A405C3200239642 /* libPersistenceLayer.a */,
				1B7C51C11A400F7F00C678E2 /* BusinessLogicLayer */,
				1B7C51CE1A400F7F00C678E2 /* BusinessLogicLayerTests */,
				1B7C51C01A400F7F00C678E2 /* Products */,
			);
			sourceTree = "<group>";
		};
		1B7C51C01A400F7F00C678E2 /* Products */ = {
			isa = PBXGroup;
			children = (
				1B7C51BF1A400F7F00C678E2 /* libBusinessLogicLayer.a */,
				1B7C51CA1A400F7F00C678E2 /* BusinessLogicLayerTests.xctest */,
			);
			name = Products;
			sourceTree = "<group>";
		};
		1B7C51C11A400F7F00C678E2 /* BusinessLogicLayer */ = {
			isa = PBXGroup;
			children = (
				1B7C51C21A400F7F00C678E2 /* NoteBL.h */,
				1B7C51C41A400F7F00C678E2 /* NoteBL.m */,
			);
			path = BusinessLogicLayer;
			sourceTree = "<group>";
		};
		1B7C51CE1A400F7F00C678E2 /* BusinessLogicLayerTests */ = {
			isa = PBXGroup;
			children = (
				1B7C51CF1A400F7F00C678E2 /* Supporting Files */,
			);
			path = BusinessLogicLayerTests;
			sourceTree = "<group>";
		};
		1B7C51CF1A400F7F00C678E2 /* Supporting Files */ = {
			isa = PBXGroup;
			children = (
				1B7C51D01A400F7F00C678E2 /* Info.plist */,
			);
			name = "Supporting Files";
			sourceTree = "<group>";
		};
/* End PBXGroup section */

/* Begin PBXNativeTarget section */
		1B7C51BE1A400F7F00C678E2 /* BusinessLogicLayer */ = {
			isa = PBXNativeTarget;
			buildConfigurationList = 1B7C51D31A400F7F00C678E2 /* Build configuration list for PBXNativeTarget "BusinessLogicLayer" */;
			buildPhases = (
				1B7C51BB1A400F7F00C678E2 /* Sources */,
				1B7C51BC1A400F7F00C678E2 /* Frameworks */,
				1B7C51BD1A400F7F00C678E2 /* CopyFiles */,
			);
			buildRules = (
			);
			dependencies = (
			);
			name = BusinessLogicLayer;
			productName = BusinessLogicLayer;
			productReference = 1B7C51BF1A400F7F00C678E2 /* libBusinessLogicLayer.a */;
			productType = "com.apple.product-type.library.static";
		};
		1B7C51C91A400F7F00C678E2 /* BusinessLogicLayerTests */ = {
			isa = PBXNativeTarget;
			buildConfigurationList = 1B7C51D61A400F7F00C678E2 /* Build configuration list for PBXNativeTarget "BusinessLogicLayerTests" */;
			buildPhases = (
				1B7C51C61A400F7F00C678E2 /* Sources */,
				1B7C51C71A400F7F00C678E2 /* Frameworks */,
				1B7C51C81A400F7F00C678E2 /* Resources */,
			);
			buildRules = (
			);
			dependencies = (
				1B7C51CD1A400F7F00C678E2 /* PBXTargetDependency */,
			);
			name = BusinessLogicLayerTests;
			productName = BusinessLogicLayerTests;
			productReference = 1B7C51CA1A400F7F00C678E2 /* BusinessLogicLayerTests.xctest */;
			productType = "com.apple.product-type.bundle.unit-test";
		};
/* End PBXNativeTarget section */

/* Begin PBXProject section */
		1B7C51B71A400F7F00C678E2 /* Project object */ = {
			isa = PBXProject;
			attributes = {
				LastUpgradeCheck = 0610;
				ORGANIZATIONNAME = "RuiShuai Co., Ltd";
				TargetAttributes = {
					1B7C51BE1A400F7F00C678E2 = {
						CreatedOnToolsVersion = 6.1.1;
					};
					1B7C51C91A400F7F00C678E2 = {
						CreatedOnToolsVersion = 6.1.1;
					};
				};
			};
			buildConfigurationList = 1B7C51BA1A400F7F00C678E2 /* Build configuration list for PBXProject "BusinessLogicLayer" */;
			compatibilityVersion = "Xcode 3.2";
			developmentRegion = English;
			hasScannedForEncodings = 0;
			knownRegions = (
				en,
			);
			mainGroup = 1B7C51B61A400F7F00C678E2;
			productRefGroup = 1B7C51C01A400F7F00C678E2 /* Products */;
			projectDirPath = "";
			projectRoot = "";
			targets = (
				1B7C51BE1A400F7F00C678E2 /* BusinessLogicLayer */,
				1B7C51C91A400F7F00C678E2 /* BusinessLogicLayerTests */,
			);
		};
/* End PBXProject section */

/* Begin PBXResourcesBuildPhase section */
		1B7C51C81A400F7F00C678E2 /* Resources */ = {
			isa = PBXResourcesBuildPhase;
			buildActionMask = 2147483647;
			files = (
			);
			runOnlyForDeploymentPostprocessing = 0;
		};
/* End PBXResourcesBuildPhase section */

/* Begin PBXSourcesBuildPhase section */
		1B7C51BB1A400F7F00C678E2 /* Sources */ = {
			isa = PBXSourcesBuildPhase;
			buildActionMask = 2147483647;
			files = (
				1B690C411A405C7000239642 /* NoteBL.m in Sources */,
			);
			runOnlyForDeploymentPostprocessing = 0;
		};
		1B7C51C61A400F7F00C678E2 /* Sources */ = {
			isa = PBXSourcesBuildPhase;
			buildActionMask = 2147483647;
			files = (
			);
			runOnlyForDeploymentPostprocessing = 0;
		};
/* End PBXSourcesBuildPhase section */

/* Begin PBXTargetDependency section */
		1B7C51CD1A400F7F00C678E2 /* PBXTargetDependency */ = {
			isa = PBXTargetDependency;
			target = 1B7C51BE1A400F7F00C678E2 /* BusinessLogicLayer */;
			targetProxy = 1B7C51CC1A400F7F00C678E2 /* PBXContainerItemProxy */;
		};
/* End PBXTargetDependency section */

/* Begin XCBuildConfiguration section */
		1B7C51D11A400F7F00C678E2 /* Debug */ = {
			isa = XCBuildConfiguration;
			buildSettings = {
				ALWAYS_SEARCH_USER_PATHS = NO;
				CLANG_CXX_LANGUAGE_STANDARD = "gnu++0x";
				CLANG_CXX_LIBRARY = "libc++";
				CLANG_ENABLE_MODULES = YES;
				CLANG_ENABLE_OBJC_ARC = YES;
				CLANG_WARN_BOOL_CONVERSION = YES;
				CLANG_WARN_CONSTANT_CONVERSION = YES;
				CLANG_WARN_DIRECT_OBJC_ISA_USAGE = YES_ERROR;
				CLANG_WARN_EMPTY_BODY = YES;
				CLANG_WARN_ENUM_CONVERSION = YES;
				CLANG_WARN_INT_CONVERSION = YES;
				CLANG_WARN_OBJC_ROOT_CLASS = YES_ERROR;
				CLANG_WARN_UNREACHABLE_CODE = YES;
				CLANG_WARN__DUPLICATE_METHOD_MATCH = YES;
				COPY_PHASE_STRIP = NO;
				ENABLE_STRICT_OBJC_MSGSEND = YES;
				GCC_C_LANGUAGE_STANDARD = gnu99;
				GCC_DYNAMIC_NO_PIC = NO;
				GCC_OPTIMIZATION_LEVEL = 0;
				GCC_PREPROCESSOR_DEFINITIONS = (
					"DEBUG=1",
					"$(inherited)",
				);
				GCC_SYMBOLS_PRIVATE_EXTERN = NO;
				GCC_WARN_64_TO_32_BIT_CONVERSION = YES;
				GCC_WARN_ABOUT_RETURN_TYPE = YES_ERROR;
				GCC_WARN_UNDECLARED_SELECTOR = YES;
				GCC_WARN_UNINITIALIZED_AUTOS = YES_AGGRESSIVE;
				GCC_WARN_UNUSED_FUNCTION = YES;
				GCC_WARN_UNUSED_VARIABLE = YES;
				IPHONEOS_DEPLOYMENT_TARGET = 8.1;
				MTL_ENABLE_DEBUG_INFO = YES;
				ONLY_ACTIVE_ARCH = YES;
				SDKROOT = iphoneos;
			};
			name = Debug;
		};
		1B7C51D21A400F7F00C678E2 /* Release */ = {
			isa = XCBuildConfiguration;
			buildSettings = {
				ALWAYS_SEARCH_USER_PATHS = NO;
				CLANG_CXX_LANGUAGE_STANDARD = "gnu++0x";
				CLANG_CXX_LIBRARY = "libc++";
				CLANG_ENABLE_MODULES = YES;
				CLANG_ENABLE_OBJC_ARC = YES;
				CLANG_WARN_BOOL_CONVERSION = YES;
				CLANG_WARN_CONSTANT_CONVERSION = YES;
				CLANG_WARN_DIRECT_OBJC_ISA_USAGE = YES_ERROR;
				CLANG_WARN_EMPTY_BODY = YES;
				CLANG_WARN_ENUM_CONVERSION = YES;
				CLANG_WARN_INT_CONVERSION = YES;
				CLANG_WARN_OBJC_ROOT_CLASS = YES_ERROR;
				CLANG_WARN_UNREACHABLE_CODE = YES;
				CLANG_WARN__DUPLICATE_METHOD_MATCH = YES;
				COPY_PHASE_STRIP = YES;
				ENABLE_NS_ASSERTIONS = NO;
				ENABLE_STRICT_OBJC_MSGSEND = YES;
				GCC_C_LANGUAGE_STANDARD = gnu99;
				GCC_WARN_64_TO_32_BIT_CONVERSION = YES;
				GCC_WARN_ABOUT_RETURN_TYPE = YES_ERROR;
				GCC_WARN_UNDECLARED_SELECTOR = YES;
				GCC_WARN_UNINITIALIZED_AUTOS = YES_AGGRESSIVE;
				GCC_WARN_UNUSED_FUNCTION = YES;
				GCC_WARN_UNUSED_VARIABLE = YES;
				IPHONEOS_DEPLOYMENT_TARGET = 8.1;
				MTL_ENABLE_DEBUG_INFO = NO;
				SDKROOT = iphoneos;
				VALIDATE_PRODUCT = YES;
			};
			name = Release;
		};
		1B7C51D41A400F7F00C678E2 /* Debug */ = {
			isa = XCBuildConfiguration;
			buildSettings = {
				GCC_PRECOMPILE_PREFIX_HEADER = YES;
				LIBRARY_SEARCH_PATHS = (
					"$(inherited)",
					"/Users/taojunjun/xcode-workspace/iOS7",
					"/Users/taojunjun/xcode-workspace/iOS7",
				);
				OTHER_LDFLAGS = (
					"-ObjC",
					"-all_load",
				);
				PRODUCT_NAME = "$(TARGET_NAME)";
				SKIP_INSTALL = YES;
				USER_HEADER_SEARCH_PATHS = "$(BUILT_PRODUCTS_DIR)/**";
			};
			name = Debug;
		};
		1B7C51D51A400F7F00C678E2 /* Release */ = {
			isa = XCBuildConfiguration;
			buildSettings = {
				GCC_PRECOMPILE_PREFIX_HEADER = YES;
				LIBRARY_SEARCH_PATHS = (
					"$(inherited)",
					"/Users/taojunjun/xcode-workspace/iOS7",
					"/Users/taojunjun/xcode-workspace/iOS7",
				);
				OTHER_LDFLAGS = (
					"-ObjC",
					"-all_load",
				);
				PRODUCT_NAME = "$(TARGET_NAME)";
				SKIP_INSTALL = YES;
				USER_HEADER_SEARCH_PATHS = "$(BUILT_PRODUCTS_DIR)/**";
			};
			name = Release;
		};
		1B7C51D71A400F7F00C678E2 /* Debug */ = {
			isa = XCBuildConfiguration;
			buildSettings = {
				FRAMEWORK_SEARCH_PATHS = (
					"$(SDKROOT)/Developer/Library/Frameworks",
					"$(inherited)",
				);
				GCC_PREPROCESSOR_DEFINITIONS = (
					"DEBUG=1",
					"$(inherited)",
				);
				INFOPLIST_FILE = BusinessLogicLayerTests/Info.plist;
				LD_RUNPATH_SEARCH_PATHS = "$(inherited) @executable_path/Frameworks @loader_path/Frameworks";
				PRODUCT_NAME = "$(TARGET_NAME)";
			};
			name = Debug;
		};
		1B7C51D81A400F7F00C678E2 /* Release */ = {
			isa = XCBuildConfiguration;
			buildSettings = {
				FRAMEWORK_SEARCH_PATHS = (
					"$(SDKROOT)/Developer/Library/Frameworks",
					"$(inherited)",
				);
				INFOPLIST_FILE = BusinessLogicLayerTests/Info.plist;
				LD_RUNPATH_SEARCH_PATHS = "$(inherited) @executable_path/Frameworks @loader_path/Frameworks";
				PRODUCT_NAME = "$(TARGET_NAME)";
			};
			name = Release;
		};
/* End XCBuildConfiguration section */

/* Begin XCConfigurationList section */
		1B7C51BA1A400F7F00C678E2 /* Build configuration list for PBXProject "BusinessLogicLayer" */ = {
			isa = XCConfigurationList;
			buildConfigurations = (
				1B7C51D11A400F7F00C678E2 /* Debug */,
				1B7C51D21A400F7F00C678E2 /* Release */,
			);
			defaultConfigurationIsVisible = 0;
			defaultConfigurationName = Release;
		};
		1B7C51D31A400F7F00C678E2 /* Build configuration list for PBXNativeTarget "BusinessLogicLayer" */ = {
			isa = XCConfigurationList;
			buildConfigurations = (
				1B7C51D41A400F7F00C678E2 /* Debug */,
				1B7C51D51A400F7F00C678E2 /* Release */,
			);
			defaultConfigurationIsVisible = 0;
			defaultConfigurationName = Release;
		};
		1B7C51D61A400F7F00C678E2 /* Build configuration list for PBXNativeTarget "BusinessLogicLayerTests" */ = {
			isa = XCConfigurationList;
			buildConfigurations = (
				1B7C51D71A400F7F00C678E2 /* Debug */,
				1B7C51D81A400F7F00C678E2 /* Release */,
			);
			defaultConfigurationIsVisible = 0;
			defaultConfigurationName = Release;
		};
/* End XCConfigurationList section */
	};
	rootObject = 1B7C51B71A400F7F00C678E2 /* Project object */;
}
